
Microsoft Visual Studio Solution File, Format Version 12.00
# Visual Studio Version 16
VisualStudioVersion = 16.0.33801.447
MinimumVisualStudioVersion = 10.0.40219.1
Project("{8BC9CEB8-8B4A-11D0-8D11-00A0C91BC942}") = "Project10", "Project10\Project10.vcxproj", "{FF501972-FAB4-4916-A1D7-0BA99F384B34}"
EndProject
Global
	GlobalSection(SolutionConfigurationPlatforms) = preSolution
		Debug|x64 = Debug|x64
		Debug|x86 = Debug|x86
		Release|x64 = Release|x64
		Release|x86 = Release|x86
	EndGlobalSection
	GlobalSection(ProjectConfigurationPlatforms) = postSolution
		{FF501972-FAB4-4916-A1D7-0BA99F384B34}.Debug|x64.ActiveCfg = Debug|x64
		{FF501972-FAB4-4916-A1D7-0BA99F384B34}.Debug|x64.Build.0 = Debug|x64
		{FF501972-FAB4-4916-A1D7-0BA99F384B34}.Debug|x86.ActiveCfg = Debug|Win32
		{FF501972-FAB4-4916-A1D7-0BA99F384B34}.Debug|x86.Build.0 = Debug|Win32
		{FF501972-FAB4-4916-A1D7-0BA99F384B34}.Release|x64.ActiveCfg = Release|x64
		{FF501972-FAB4-4916-A1D7-0BA99F384B34}.Release|x64.Build.0 = Release|x64
		{FF501972-FAB4-4916-A1D7-0BA99F384B34}.Release|x86.ActiveCfg = Release|Win32
		{FF501972-FAB4-4916-A1D7-0BA99F384B34}.Release|x86.Build.0 = Release|Win32
	EndGlobalSection
	GlobalSection(SolutionProperties) = preSolution
		HideSolutionNode = FALSE
	EndGlobalSection
	GlobalSection(ExtensibilityGlobals) = postSolution
		SolutionGuid = {F3A65962-7583-483D-8D2D-3BDFFD5830F8}
	EndGlobalSection
EndGlobal
