
Microsoft Visual Studio Solution File, Format Version 12.00
# Visual Studio Version 16
VisualStudioVersion = 16.0.33801.447
MinimumVisualStudioVersion = 10.0.40219.1
Project("{8BC9CEB8-8B4A-11D0-8D11-00A0C91BC942}") = "WindowsProject2", "WindowsProject2\WindowsProject2.vcxproj", "{64DA67F9-ECD9-446C-88E0-6172E0B9852D}"
EndProject
Global
	GlobalSection(SolutionConfigurationPlatforms) = preSolution
		Debug|x64 = Debug|x64
		Debug|x86 = Debug|x86
		Release|x64 = Release|x64
		Release|x86 = Release|x86
	EndGlobalSection
	GlobalSection(ProjectConfigurationPlatforms) = postSolution
		{64DA67F9-ECD9-446C-88E0-6172E0B9852D}.Debug|x64.ActiveCfg = Debug|x64
		{64DA67F9-ECD9-446C-88E0-6172E0B9852D}.Debug|x64.Build.0 = Debug|x64
		{64DA67F9-ECD9-446C-88E0-6172E0B9852D}.Debug|x86.ActiveCfg = Debug|Win32
		{64DA67F9-ECD9-446C-88E0-6172E0B9852D}.Debug|x86.Build.0 = Debug|Win32
		{64DA67F9-ECD9-446C-88E0-6172E0B9852D}.Release|x64.ActiveCfg = Release|x64
		{64DA67F9-ECD9-446C-88E0-6172E0B9852D}.Release|x64.Build.0 = Release|x64
		{64DA67F9-ECD9-446C-88E0-6172E0B9852D}.Release|x86.ActiveCfg = Release|Win32
		{64DA67F9-ECD9-446C-88E0-6172E0B9852D}.Release|x86.Build.0 = Release|Win32
	EndGlobalSection
	GlobalSection(SolutionProperties) = preSolution
		HideSolutionNode = FALSE
	EndGlobalSection
	GlobalSection(ExtensibilityGlobals) = postSolution
		SolutionGuid = {DD7389A0-A030-45AC-9939-A0D2BDDBE443}
	EndGlobalSection
EndGlobal
