
Microsoft Visual Studio Solution File, Format Version 12.00
# Visual Studio Version 16
VisualStudioVersion = 16.0.33801.447
MinimumVisualStudioVersion = 10.0.40219.1
Project("{8BC9CEB8-8B4A-11D0-8D11-00A0C91BC942}") = "tesr_7.22", "tesr_7.22\tesr_7.22.vcxproj", "{CC0EAB16-FB8F-4FAE-A154-0162FAA83182}"
EndProject
Global
	GlobalSection(SolutionConfigurationPlatforms) = preSolution
		Debug|x64 = Debug|x64
		Debug|x86 = Debug|x86
		Release|x64 = Release|x64
		Release|x86 = Release|x86
	EndGlobalSection
	GlobalSection(ProjectConfigurationPlatforms) = postSolution
		{CC0EAB16-FB8F-4FAE-A154-0162FAA83182}.Debug|x64.ActiveCfg = Debug|x64
		{CC0EAB16-FB8F-4FAE-A154-0162FAA83182}.Debug|x64.Build.0 = Debug|x64
		{CC0EAB16-FB8F-4FAE-A154-0162FAA83182}.Debug|x86.ActiveCfg = Debug|Win32
		{CC0EAB16-FB8F-4FAE-A154-0162FAA83182}.Debug|x86.Build.0 = Debug|Win32
		{CC0EAB16-FB8F-4FAE-A154-0162FAA83182}.Release|x64.ActiveCfg = Release|x64
		{CC0EAB16-FB8F-4FAE-A154-0162FAA83182}.Release|x64.Build.0 = Release|x64
		{CC0EAB16-FB8F-4FAE-A154-0162FAA83182}.Release|x86.ActiveCfg = Release|Win32
		{CC0EAB16-FB8F-4FAE-A154-0162FAA83182}.Release|x86.Build.0 = Release|Win32
	EndGlobalSection
	GlobalSection(SolutionProperties) = preSolution
		HideSolutionNode = FALSE
	EndGlobalSection
	GlobalSection(ExtensibilityGlobals) = postSolution
		SolutionGuid = {472F8357-AFC6-4145-8C32-5FF425E50E12}
	EndGlobalSection
EndGlobal
